// !$*UTF8*$!
{
	archiveVersion = 1;
	classes = {
	};
	objectVersion = 50;
	objects = {

/* Begin PBXBuildFile section */
		189D7B7F264FB5440044CE9E /* Pixel_FinderApp.swift in Sources */ = {isa = PBXBuildFile; fileRef = 189D7B7E264FB5440044CE9E /* Pixel_FinderApp.swift */; };
		189D7B81264FB5440044CE9E /* ContentView.swift in Sources */ = {isa = PBXBuildFile; fileRef = 189D7B80264FB5440044CE9E /* ContentView.swift */; };
		189D7B83264FB5470044CE9E /* Assets.xcassets in Resources */ = {isa = PBXBuildFile; fileRef = 189D7B82264FB5470044CE9E /* Assets.xcassets */; };
		189D7B86264FB5470044CE9E /* Preview Assets.xcassets in Resources */ = {isa = PBXBuildFile; fileRef = 189D7B85264FB5470044CE9E /* Preview Assets.xcassets */; };
		189D7B8E264FC8E50044CE9E /* LocationManager.swift in Sources */ = {isa = PBXBuildFile; fileRef = 189D7B8D264FC8E50044CE9E /* LocationManager.swift */; };
		189D7B90264FCE590044CE9E /* BluetoothManager.swift in Sources */ = {isa = PBXBuildFile; fileRef = 189D7B8F264FCE590044CE9E /* BluetoothManager.swift */; };
/* End PBXBuildFile section */

/* Begin PBXFileReference section */
		189D7B7B264FB5440044CE9E /* Pixel Finder.app */ = {isa = PBXFileReference; explicitFileType = wrapper.application; includeInIndex = 0; path = "Pixel Finder.app"; sourceTree = BUILT_PRODUCTS_DIR; };
		189D7B7E264FB5440044CE9E /* Pixel_FinderApp.swift */ = {isa = PBXFileReference; lastKnownFileType = sourcecode.swift; path = Pixel_FinderApp.swift; sourceTree = "<group>"; };
		189D7B80264FB5440044CE9E /* ContentView.swift */ = {isa = PBXFileReference; lastKnownFileType = sourcecode.swift; path = ContentView.swift; sourceTree = "<group>"; };
		189D7B82264FB5470044CE9E /* Assets.xcassets */ = {isa = PBXFileReference; lastKnownFileType = folder.assetcatalog; path = Assets.xcassets; sourceTree = "<group>"; };
		189D7B85264FB5470044CE9E /* Preview Assets.xcassets */ = {isa = PBXFileReference; lastKnownFileType = folder.assetcatalog; path = "Preview Assets.xcassets"; sourceTree = "<group>"; };
		189D7B87264FB5470044CE9E /* Info.plist */ = {isa = PBXFileReference; lastKnownFileType = text.plist.xml; path = Info.plist; sourceTree = "<group>"; };
		189D7B8D264FC8E50044CE9E /* LocationManager.swift */ = {isa = PBXFileReference; lastKnownFileType = sourcecode.swift; path = LocationManager.swift; sourceTree = "<group>"; };
		189D7B8F264FCE590044CE9E /* BluetoothManager.swift */ = {isa = PBXFileReference; lastKnownFileType = sourcecode.swift; path = BluetoothManager.swift; sourceTree = "<group>"; };
/* End PBXFileReference section */

/* Begin PBXFrameworksBuildPhase section */
		189D7B78264FB5440044CE9E /* Frameworks */ = {
			isa = PBXFrameworksBuildPhase;
			buildActionMask = 2147483647;
			files = (
			);
			runOnlyForDeploymentPostprocessing = 0;
		};
/* End PBXFrameworksBuildPhase section */

/* Begin PBXGroup section */
		189D7B72264FB5440044CE9E = {
			isa = PBXGroup;
			children = (
				189D7B7D264FB5440044CE9E /* Pixel Finder */,
				189D7B7C264FB5440044CE9E /* Products */,
			);
			sourceTree = "<group>";
		};
		189D7B7C264FB5440044CE9E /* Products */ = {
			isa = PBXGroup;
			children = (
				189D7B7B264FB5440044CE9E /* Pixel Finder.app */,
			);
			name = Products;
			sourceTree = "<group>";
		};
		189D7B7D264FB5440044CE9E /* Pixel Finder */ = {
			isa = PBXGroup;
			children = (
				189D7B7E264FB5440044CE9E /* Pixel_FinderApp.swift */,
				189D7B80264FB5440044CE9E /* ContentView.swift */,
				189D7B82264FB5470044CE9E /* Assets.xcassets */,
				189D7B87264FB5470044CE9E /* Info.plist */,
				189D7B84264FB5470044CE9E /* Preview Content */,
				189D7B8D264FC8E50044CE9E /* LocationManager.swift */,
				189D7B8F264FCE590044CE9E /* BluetoothManager.swift */,
			);
			path = "Pixel Finder";
			sourceTree = "<group>";
		};
		189D7B84264FB5470044CE9E /* Preview Content */ = {
			isa = PBXGroup;
			children = (
				189D7B85264FB5470044CE9E /* Preview Assets.xcassets */,
			);
			path = "Preview Content";
			sourceTree = "<group>";
		};
/* End PBXGroup section */

/* Begin PBXNativeTarget section */
		189D7B7A264FB5440044CE9E /* Pixel Finder */ = {
			isa = PBXNativeTarget;
			buildConfigurationList = 189D7B8A264FB5470044CE9E /* Build configuration list for PBXNativeTarget "Pixel Finder" */;
			buildPhases = (
				189D7B77264FB5440044CE9E /* Sources */,
				189D7B78264FB5440044CE9E /* Frameworks */,
				189D7B79264FB5440044CE9E /* Resources */,
			);
			buildRules = (
			);
			dependencies = (
			);
			name = "Pixel Finder";
			productName = "Pixel Finder";
			productReference = 189D7B7B264FB5440044CE9E /* Pixel Finder.app */;
			productType = "com.apple.product-type.application";
		};
/* End PBXNativeTarget section */

/* Begin PBXProject section */
		189D7B73264FB5440044CE9E /* Project object */ = {
			isa = PBXProject;
			attributes = {
				LastSwiftUpdateCheck = 1250;
				LastUpgradeCheck = 1250;
				TargetAttributes = {
					189D7B7A264FB5440044CE9E = {
						CreatedOnToolsVersion = 12.5;
					};
				};
			};
			buildConfigurationList = 189D7B76264FB5440044CE9E /* Build configuration list for PBXProject "Pixel Finder" */;
			compatibilityVersion = "Xcode 9.3";
			developmentRegion = en;
			hasScannedForEncodings = 0;
			knownRegions = (
				en,
				Base,
			);
			mainGroup = 189D7B72264FB5440044CE9E;
			productRefGroup = 189D7B7C264FB5440044CE9E /* Products */;
			projectDirPath = "";
			projectRoot = "";
			targets = (
				189D7B7A264FB5440044CE9E /* Pixel Finder */,
			);
		};
/* End PBXProject section */

/* Begin PBXResourcesBuildPhase section */
		189D7B79264FB5440044CE9E /* Resources */ = {
			isa = PBXResourcesBuildPhase;
			buildActionMask = 2147483647;
			files = (
				189D7B86264FB5470044CE9E /* Preview Assets.xcassets in Resources */,
				189D7B83264FB5470044CE9E /* Assets.xcassets in Resources */,
			);
			runOnlyForDeploymentPostprocessing = 0;
		};
/* End PBXResourcesBuildPhase section */

/* Begin PBXSourcesBuildPhase section */
		189D7B77264FB5440044CE9E /* Sources */ = {
			isa = PBXSourcesBuildPhase;
			buildActionMask = 2147483647;
			files = (
				189D7B81264FB5440044CE9E /* ContentView.swift in Sources */,
				189D7B7F264FB5440044CE9E /* Pixel_FinderApp.swift in Sources */,
				189D7B90264FCE590044CE9E /* BluetoothManager.swift in Sources */,
				189D7B8E264FC8E50044CE9E /* LocationManager.swift in Sources */,
			);
			runOnlyForDeploymentPostprocessing = 0;
		};
/* End PBXSourcesBuildPhase section */

/* Begin XCBuildConfiguration section */
		189D7B88264FB5470044CE9E /* Debug */ = {
			isa = XCBuildConfiguration;
			buildSettings = {
				ALWAYS_SEARCH_USER_PATHS = NO;
				CLANG_ANALYZER_NONNULL = YES;
				CLANG_ANALYZER_NUMBER_OBJECT_CONVERSION = YES_AGGRESSIVE;
				CLANG_CXX_LANGUAGE_STANDARD = "gnu++14";
				CLANG_CXX_LIBRARY = "libc++";
				CLANG_ENABLE_MODULES = YES;
				CLANG_ENABLE_OBJC_ARC = YES;
				CLANG_ENABLE_OBJC_WEAK = YES;
				CLANG_WARN_BLOCK_CAPTURE_AUTORELEASING = YES;
				CLANG_WARN_BOOL_CONVERSION = YES;
				CLANG_WARN_COMMA = YES;
				CLANG_WARN_CONSTANT_CONVERSION = YES;
				CLANG_WARN_DEPRECATED_OBJC_IMPLEMENTATIONS = YES;
				CLANG_WARN_DIRECT_OBJC_ISA_USAGE = YES_ERROR;
				CLANG_WARN_DOCUMENTATION_COMMENTS = YES;
				CLANG_WARN_EMPTY_BODY = YES;
				CLANG_WARN_ENUM_CONVERSION = YES;
				CLANG_WARN_INFINITE_RECURSION = YES;
				CLANG_WARN_INT_CONVERSION = YES;
				CLANG_WARN_NON_LITERAL_NULL_CONVERSION = YES;
				CLANG_WARN_OBJC_IMPLICIT_RETAIN_SELF = YES;
				CLANG_WARN_OBJC_LITERAL_CONVERSION = YES;
				CLANG_WARN_OBJC_ROOT_CLASS = YES_ERROR;
				CLANG_WARN_QUOTED_INCLUDE_IN_FRAMEWORK_HEADER = YES;
				CLANG_WARN_RANGE_LOOP_ANALYSIS = YES;
				CLANG_WARN_STRICT_PROTOTYPES = YES;
				CLANG_WARN_SUSPICIOUS_MOVE = YES;
				CLANG_WARN_UNGUARDED_AVAILABILITY = YES_AGGRESSIVE;
				CLANG_WARN_UNREACHABLE_CODE = YES;
				CLANG_WARN__DUPLICATE_METHOD_MATCH = YES;
				COPY_PHASE_STRIP = NO;
				DEBUG_INFORMATION_FORMAT = dwarf;
				ENABLE_STRICT_OBJC_MSGSEND = YES;
				ENABLE_TESTABILITY = YES;
				GCC_C_LANGUAGE_STANDARD = gnu11;
				GCC_DYNAMIC_NO_PIC = NO;
				GCC_NO_COMMON_BLOCKS = YES;
				GCC_OPTIMIZATION_LEVEL = 0;
				GCC_PREPROCESSOR_DEFINITIONS = (
					"DEBUG=1",
					"$(inherited)",
				);
				GCC_WARN_64_TO_32_BIT_CONVERSION = YES;
				GCC_WARN_ABOUT_RETURN_TYPE = YES_ERROR;
				GCC_WARN_UNDECLARED_SELECTOR = YES;
				GCC_WARN_UNINITIALIZED_AUTOS = YES_AGGRESSIVE;
				GCC_WARN_UNUSED_FUNCTION = YES;
				GCC_WARN_UNUSED_VARIABLE = YES;
				IPHONEOS_DEPLOYMENT_TARGET = 14.5;
				MTL_ENABLE_DEBUG_INFO = INCLUDE_SOURCE;
				MTL_FAST_MATH = YES;
				ONLY_ACTIVE_ARCH = YES;
				SDKROOT = iphoneos;
				SWIFT_ACTIVE_COMPILATION_CONDITIONS = DEBUG;
				SWIFT_OPTIMIZATION_LEVEL = "-Onone";
			};
			name = Debug;
		};
		189D7B89264FB5470044CE9E /* Release */ = {
			isa = XCBuildConfiguration;
			buildSettings = {
				ALWAYS_SEARCH_USER_PATHS = NO;
				CLANG_ANALYZER_NONNULL = YES;
				CLANG_ANALYZER_NUMBER_OBJECT_CONVERSION = YES_AGGRESSIVE;
				CLANG_CXX_LANGUAGE_STANDARD = "gnu++14";
				CLANG_CXX_LIBRARY = "libc++";
				CLANG_ENABLE_MODULES = YES;
				CLANG_ENABLE_OBJC_ARC = YES;
				CLANG_ENABLE_OBJC_WEAK = YES;
				CLANG_WARN_BLOCK_CAPTURE_AUTORELEASING = YES;
				CLANG_WARN_BOOL_CONVERSION = YES;
				CLANG_WARN_COMMA = YES;
				CLANG_WARN_CONSTANT_CONVERSION = YES;
				CLANG_WARN_DEPRECATED_OBJC_IMPLEMENTATIONS = YES;
				CLANG_WARN_DIRECT_OBJC_ISA_USAGE = YES_ERROR;
				CLANG_WARN_DOCUMENTATION_COMMENTS = YES;
				CLANG_WARN_EMPTY_BODY = YES;
				CLANG_WARN_ENUM_CONVERSION = YES;
				CLANG_WARN_INFINITE_RECURSION = YES;
				CLANG_WARN_INT_CONVERSION = YES;
				CLANG_WARN_NON_LITERAL_NULL_CONVERSION = YES;
				CLANG_WARN_OBJC_IMPLICIT_RETAIN_SELF = YES;
				CLANG_WARN_OBJC_LITERAL_CONVERSION = YES;
				CLANG_WARN_OBJC_ROOT_CLASS = YES_ERROR;
				CLANG_WARN_QUOTED_INCLUDE_IN_FRAMEWORK_HEADER = YES;
				CLANG_WARN_RANGE_LOOP_ANALYSIS = YES;
				CLANG_WARN_STRICT_PROTOTYPES = YES;
				CLANG_WARN_SUSPICIOUS_MOVE = YES;
				CLANG_WARN_UNGUARDED_AVAILABILITY = YES_AGGRESSIVE;
				CLANG_WARN_UNREACHABLE_CODE = YES;
				CLANG_WARN__DUPLICATE_METHOD_MATCH = YES;
				COPY_PHASE_STRIP = NO;
				DEBUG_INFORMATION_FORMAT = "dwarf-with-dsym";
				ENABLE_NS_ASSERTIONS = NO;
				ENABLE_STRICT_OBJC_MSGSEND = YES;
				GCC_C_LANGUAGE_STANDARD = gnu11;
				GCC_NO_COMMON_BLOCKS = YES;
				GCC_WARN_64_TO_32_BIT_CONVERSION = YES;
				GCC_WARN_ABOUT_RETURN_TYPE = YES_ERROR;
				GCC_WARN_UNDECLARED_SELECTOR = YES;
				GCC_WARN_UNINITIALIZED_AUTOS = YES_AGGRESSIVE;
				GCC_WARN_UNUSED_FUNCTION = YES;
				GCC_WARN_UNUSED_VARIABLE = YES;
				IPHONEOS_DEPLOYMENT_TARGET = 14.5;
				MTL_ENABLE_DEBUG_INFO = NO;
				MTL_FAST_MATH = YES;
				SDKROOT = iphoneos;
				SWIFT_COMPILATION_MODE = wholemodule;
				SWIFT_OPTIMIZATION_LEVEL = "-O";
				VALIDATE_PRODUCT = YES;
			};
			name = Release;
		};
		189D7B8B264FB5470044CE9E /* Debug */ = {
			isa = XCBuildConfiguration;
			buildSettings = {
				APPLICATION_EXTENSION_API_ONLY = NO;
				ASSETCATALOG_COMPILER_APPICON_NAME = AppIcon;
				ASSETCATALOG_COMPILER_GLOBAL_ACCENT_COLOR_NAME = AccentColor;
				CODE_SIGN_STYLE = Automatic;
				DEVELOPMENT_ASSET_PATHS = "\"Pixel Finder/Preview Content\"";
				DEVELOPMENT_TEAM = PD772HSRXZ;
				ENABLE_PREVIEWS = YES;
				INFOPLIST_FILE = "Pixel Finder/Info.plist";
				IPHONEOS_DEPLOYMENT_TARGET = 14.0;
				LD_RUNPATH_SEARCH_PATHS = (
					"$(inherited)",
					"@executable_path/Frameworks",
				);
				PRODUCT_BUNDLE_IDENTIFIER = "com.Pixel-Finder";
				PRODUCT_NAME = "$(TARGET_NAME)";
				SWIFT_VERSION = 5.0;
				TARGETED_DEVICE_FAMILY = "1,2";
			};
			name = Debug;
		};
		189D7B8C264FB5470044CE9E /* Release */ = {
			isa = XCBuildConfiguration;
			buildSettings = {
				APPLICATION_EXTENSION_API_ONLY = NO;
				ASSETCATALOG_COMPILER_APPICON_NAME = AppIcon;
				ASSETCATALOG_COMPILER_GLOBAL_ACCENT_COLOR_NAME = AccentColor;
				CODE_SIGN_STYLE = Automatic;
				DEVELOPMENT_ASSET_PATHS = "\"Pixel Finder/Preview Content\"";
				DEVELOPMENT_TEAM = PD772HSRXZ;
				ENABLE_PREVIEWS = YES;
				INFOPLIST_FILE = "Pixel Finder/Info.plist";
				IPHONEOS_DEPLOYMENT_TARGET = 14.0;
				LD_RUNPATH_SEARCH_PATHS = (
					"$(inherited)",
					"@executable_path/Frameworks",
				);
				PRODUCT_BUNDLE_IDENTIFIER = "com.Pixel-Finder";
				PRODUCT_NAME = "$(TARGET_NAME)";
				SWIFT_VERSION = 5.0;
				TARGETED_DEVICE_FAMILY = "1,2";
			};
			name = Release;
		};
/* End XCBuildConfiguration section */

/* Begin XCConfigurationList section */
		189D7B76264FB5440044CE9E /* Build configuration list for PBXProject "Pixel Finder" */ = {
			isa = XCConfigurationList;
			buildConfigurations = (
				189D7B88264FB5470044CE9E /* Debug */,
				189D7B89264FB5470044CE9E /* Release */,
			);
			defaultConfigurationIsVisible = 0;
			defaultConfigurationName = Release;
		};
		189D7B8A264FB5470044CE9E /* Build configuration list for PBXNativeTarget "Pixel Finder" */ = {
			isa = XCConfigurationList;
			buildConfigurations = (
				189D7B8B264FB5470044CE9E /* Debug */,
				189D7B8C264FB5470044CE9E /* Release */,
			);
			defaultConfigurationIsVisible = 0;
			defaultConfigurationName = Release;
		};
/* End XCConfigurationList section */
	};
	rootObject = 189D7B73264FB5440044CE9E /* Project object */;
}
